Microsoft Visual Studio Solution File, Format Version 12.00
# Visual Studio Version 17
VisualStudioVersion = 17.5.2.0
MinimumVisualStudioVersion = 10.0.40219.1
Project("{FAE04EC0-301F-11D3-BF4B-00C04F79EFBC}") = "UniversityManager", "UniversityManager\UniversityManager.csproj", "{EA58909B-FCFD-73F6-4066-C5F9016F503C}"
EndProject
Global
	GlobalSection(SolutionConfigurationPlatforms) = preSolution
		Debug|Any CPU = Debug|Any CPU
		Release|Any CPU = Release|Any CPU
	EndGlobalSection
	GlobalSection(ProjectConfigurationPlatforms) = postSolution
		{EA58909B-FCFD-73F6-4066-C5F9016F503C}.Debug|Any CPU.ActiveCfg = Debug|Any CPU
		{EA58909B-FCFD-73F6-4066-C5F9016F503C}.Debug|Any CPU.Build.0 = Debug|Any CPU
		{EA58909B-FCFD-73F6-4066-C5F9016F503C}.Release|Any CPU.ActiveCfg = Release|Any CPU
		{EA58909B-FCFD-73F6-4066-C5F9016F503C}.Release|Any CPU.Build.0 = Release|Any CPU
	EndGlobalSection
	GlobalSection(SolutionProperties) = preSolution
		HideSolutionNode = FALSE
	EndGlobalSection
	GlobalSection(ExtensibilityGlobals) = postSolution
		SolutionGuid = {61F14409-733F-4107-B039-556D0C3D8DE4}
	EndGlobalSection
EndGlobal
